
Microsoft Visual Studio Solution File, Format Version 12.00
# Visual Studio Version 17
VisualStudioVersion = 17.4.33205.214
MinimumVisualStudioVersion = 10.0.40219.1
Project("{FAE04EC0-301F-11D3-BF4B-00C04F79EFBC}") = "Flow-Control-Inventory-System", "Flow-Control-Inventory-System.csproj", "{C54067D9-4AA6-4D9C-AD47-24D428C51B31}"
EndProject
Global
	GlobalSection(SolutionConfigurationPlatforms) = preSolution
		Debug|Any CPU = Debug|Any CPU
		Release|Any CPU = Release|Any CPU
	EndGlobalSection
	GlobalSection(ProjectConfigurationPlatforms) = postSolution
		{C54067D9-4AA6-4D9C-AD47-24D428C51B31}.Debug|Any CPU.ActiveCfg = Debug|Any CPU
		{C54067D9-4AA6-4D9C-AD47-24D428C51B31}.Debug|Any CPU.Build.0 = Debug|Any CPU
		{C54067D9-4AA6-4D9C-AD47-24D428C51B31}.Release|Any CPU.ActiveCfg = Release|Any CPU
		{C54067D9-4AA6-4D9C-AD47-24D428C51B31}.Release|Any CPU.Build.0 = Release|Any CPU
	EndGlobalSection
	GlobalSection(SolutionProperties) = preSolution
		HideSolutionNode = FALSE
	EndGlobalSection
	GlobalSection(ExtensibilityGlobals) = postSolution
		SolutionGuid = {B93490E2-2C2E-4AB1-AACE-9681BDEADEF8}
	EndGlobalSection
EndGlobal
